
Microsoft Visual Studio Solution File, Format Version 12.00
# Visual Studio Version 17
VisualStudioVersion = 17.11.35312.102
MinimumVisualStudioVersion = 10.0.40219.1
Project("{FAE04EC0-301F-11D3-BF4B-00C04F79EFBC}") = "Bai03", "Bai03\Bai03.csproj", "{47076991-D21C-4784-B5FE-1DAE7C31D4C9}"
EndProject
Global
	GlobalSection(SolutionConfigurationPlatforms) = preSolution
		Debug|Any CPU = Debug|Any CPU
		Release|Any CPU = Release|Any CPU
	EndGlobalSection
	GlobalSection(ProjectConfigurationPlatforms) = postSolution
		{47076991-D21C-4784-B5FE-1DAE7C31D4C9}.Debug|Any CPU.ActiveCfg = Debug|Any CPU
		{47076991-D21C-4784-B5FE-1DAE7C31D4C9}.Debug|Any CPU.Build.0 = Debug|Any CPU
		{47076991-D21C-4784-B5FE-1DAE7C31D4C9}.Release|Any CPU.ActiveCfg = Release|Any CPU
		{47076991-D21C-4784-B5FE-1DAE7C31D4C9}.Release|Any CPU.Build.0 = Release|Any CPU
	EndGlobalSection
	GlobalSection(SolutionProperties) = preSolution
		HideSolutionNode = FALSE
	EndGlobalSection
	GlobalSection(ExtensibilityGlobals) = postSolution
		SolutionGuid = {71CA2A7A-8173-46DD-8335-8828DE336A5E}
	EndGlobalSection
EndGlobal
