
Microsoft Visual Studio Solution File, Format Version 12.00
# Visual Studio Version 17
VisualStudioVersion = 17.11.35312.102
MinimumVisualStudioVersion = 10.0.40219.1
Project("{FAE04EC0-301F-11D3-BF4B-00C04F79EFBC}") = "ViewImage", "WindowsFormsApp1\ViewImage.csproj", "{763589FD-319B-4F16-8690-D7ED79E1DCCB}"
EndProject
Global
	GlobalSection(SolutionConfigurationPlatforms) = preSolution
		Debug|Any CPU = Debug|Any CPU
		Release|Any CPU = Release|Any CPU
	EndGlobalSection
	GlobalSection(ProjectConfigurationPlatforms) = postSolution
		{763589FD-319B-4F16-8690-D7ED79E1DCCB}.Debug|Any CPU.ActiveCfg = Debug|Any CPU
		{763589FD-319B-4F16-8690-D7ED79E1DCCB}.Debug|Any CPU.Build.0 = Debug|Any CPU
		{763589FD-319B-4F16-8690-D7ED79E1DCCB}.Release|Any CPU.ActiveCfg = Release|Any CPU
		{763589FD-319B-4F16-8690-D7ED79E1DCCB}.Release|Any CPU.Build.0 = Release|Any CPU
	EndGlobalSection
	GlobalSection(SolutionProperties) = preSolution
		HideSolutionNode = FALSE
	EndGlobalSection
	GlobalSection(ExtensibilityGlobals) = postSolution
		SolutionGuid = {DE81A0BF-318C-4957-BD19-28903C22C3DB}
	EndGlobalSection
EndGlobal
